
Microsoft Visual Studio Solution File, Format Version 12.00
# Visual Studio 15
VisualStudioVersion = 15.0.26430.16
MinimumVisualStudioVersion = 10.0.40219.1
Project("{FAE04EC0-301F-11D3-BF4B-00C04F79EFBC}") = "Game1", "Game1\Game1.csproj", "{03DBBEB2-5A31-4657-9C92-2D315281B537}"
EndProject
Project("{9A19103F-16F7-4668-BE54-9A1E7A4F7556}") = "VelcroPhysics.MonoGame", "..\..\..\..\Desktop\Dev\VelcroPhysics\VelcroPhysics\VelcroPhysics.MonoGame.csproj", "{B6331EE5-7B94-49C9-A0DF-7D5D0FCB0D08}"
EndProject
Project("{9A19103F-16F7-4668-BE54-9A1E7A4F7556}") = "MonoGame", "..\..\..\..\Desktop\Dev\VelcroPhysics\DebugViews\MonoGame\MonoGame.csproj", "{A1598B17-2E10-4073-971A-A4E7F2F49086}"
EndProject
Global
	GlobalSection(SolutionConfigurationPlatforms) = preSolution
		Debug|Any CPU = Debug|Any CPU
		Debug|x86 = Debug|x86
		Release|Any CPU = Release|Any CPU
		Release|x86 = Release|x86
	EndGlobalSection
	GlobalSection(ProjectConfigurationPlatforms) = postSolution
		{03DBBEB2-5A31-4657-9C92-2D315281B537}.Debug|Any CPU.ActiveCfg = Debug|x86
		{03DBBEB2-5A31-4657-9C92-2D315281B537}.Debug|x86.ActiveCfg = Debug|x86
		{03DBBEB2-5A31-4657-9C92-2D315281B537}.Debug|x86.Build.0 = Debug|x86
		{03DBBEB2-5A31-4657-9C92-2D315281B537}.Release|Any CPU.ActiveCfg = Release|x86
		{03DBBEB2-5A31-4657-9C92-2D315281B537}.Release|x86.ActiveCfg = Release|x86
		{03DBBEB2-5A31-4657-9C92-2D315281B537}.Release|x86.Build.0 = Release|x86
		{B6331EE5-7B94-49C9-A0DF-7D5D0FCB0D08}.Debug|Any CPU.ActiveCfg = Debug|Any CPU
		{B6331EE5-7B94-49C9-A0DF-7D5D0FCB0D08}.Debug|Any CPU.Build.0 = Debug|Any CPU
		{B6331EE5-7B94-49C9-A0DF-7D5D0FCB0D08}.Debug|x86.ActiveCfg = Debug|Any CPU
		{B6331EE5-7B94-49C9-A0DF-7D5D0FCB0D08}.Debug|x86.Build.0 = Debug|Any CPU
		{B6331EE5-7B94-49C9-A0DF-7D5D0FCB0D08}.Release|Any CPU.ActiveCfg = Release|Any CPU
		{B6331EE5-7B94-49C9-A0DF-7D5D0FCB0D08}.Release|Any CPU.Build.0 = Release|Any CPU
		{B6331EE5-7B94-49C9-A0DF-7D5D0FCB0D08}.Release|x86.ActiveCfg = Release|Any CPU
		{B6331EE5-7B94-49C9-A0DF-7D5D0FCB0D08}.Release|x86.Build.0 = Release|Any CPU
		{A1598B17-2E10-4073-971A-A4E7F2F49086}.Debug|Any CPU.ActiveCfg = Debug|Any CPU
		{A1598B17-2E10-4073-971A-A4E7F2F49086}.Debug|Any CPU.Build.0 = Debug|Any CPU
		{A1598B17-2E10-4073-971A-A4E7F2F49086}.Debug|x86.ActiveCfg = Debug|Any CPU
		{A1598B17-2E10-4073-971A-A4E7F2F49086}.Debug|x86.Build.0 = Debug|Any CPU
		{A1598B17-2E10-4073-971A-A4E7F2F49086}.Release|Any CPU.ActiveCfg = Release|Any CPU
		{A1598B17-2E10-4073-971A-A4E7F2F49086}.Release|Any CPU.Build.0 = Release|Any CPU
		{A1598B17-2E10-4073-971A-A4E7F2F49086}.Release|x86.ActiveCfg = Release|Any CPU
		{A1598B17-2E10-4073-971A-A4E7F2F49086}.Release|x86.Build.0 = Release|Any CPU
	EndGlobalSection
	GlobalSection(SolutionProperties) = preSolution
		HideSolutionNode = FALSE
	EndGlobalSection
EndGlobal
